// !$*UTF8*$!
{
	archiveVersion = 1;
	classes = {
	};
	objectVersion = 48;
	objects = {

/* Begin PBXBuildFile section */
		D9EEE2802090F1EF00587965 /* AppDelegate.swift in Sources */ = {isa = PBXBuildFile; fileRef = D9EEE27F2090F1EF00587965 /* AppDelegate.swift */; };
		D9EEE2852090F1EF00587965 /* Main.storyboard in Resources */ = {isa = PBXBuildFile; fileRef = D9EEE2832090F1EF00587965 /* Main.storyboard */; };
		D9EEE2872090F1EF00587965 /* Assets.xcassets in Resources */ = {isa = PBXBuildFile; fileRef = D9EEE2862090F1EF00587965 /* Assets.xcassets */; };
		D9EEE28A2090F1EF00587965 /* LaunchScreen.storyboard in Resources */ = {isa = PBXBuildFile; fileRef = D9EEE2882090F1EF00587965 /* LaunchScreen.storyboard */; };
		D9EEE2922090F24C00587965 /* StockPriceTableViewController.swift in Sources */ = {isa = PBXBuildFile; fileRef = D9EEE2912090F24C00587965 /* StockPriceTableViewController.swift */; };
		D9EEE2942090F46D00587965 /* StockPriceManager.swift in Sources */ = {isa = PBXBuildFile; fileRef = D9EEE2932090F46D00587965 /* StockPriceManager.swift */; };
		D9EEE2962090F48000587965 /* StockPriceObject.swift in Sources */ = {isa = PBXBuildFile; fileRef = D9EEE2952090F48000587965 /* StockPriceObject.swift */; };
/* End PBXBuildFile section */

/* Begin PBXFileReference section */
		D9EEE27C2090F1EF00587965 /* Stock Ticker App.app */ = {isa = PBXFileReference; explicitFileType = wrapper.application; includeInIndex = 0; path = "Stock Ticker App.app"; sourceTree = BUILT_PRODUCTS_DIR; };
		D9EEE27F2090F1EF00587965 /* AppDelegate.swift */ = {isa = PBXFileReference; lastKnownFileType = sourcecode.swift; path = AppDelegate.swift; sourceTree = "<group>"; };
		D9EEE2842090F1EF00587965 /* Base */ = {isa = PBXFileReference; lastKnownFileType = file.storyboard; name = Base; path = Base.lproj/Main.storyboard; sourceTree = "<group>"; };
		D9EEE2862090F1EF00587965 /* Assets.xcassets */ = {isa = PBXFileReference; lastKnownFileType = folder.assetcatalog; path = Assets.xcassets; sourceTree = "<group>"; };
		D9EEE2892090F1EF00587965 /* Base */ = {isa = PBXFileReference; lastKnownFileType = file.storyboard; name = Base; path = Base.lproj/LaunchScreen.storyboard; sourceTree = "<group>"; };
		D9EEE28B2090F1F000587965 /* Info.plist */ = {isa = PBXFileReference; lastKnownFileType = text.plist.xml; path = Info.plist; sourceTree = "<group>"; };
		D9EEE2912090F24C00587965 /* StockPriceTableViewController.swift */ = {isa = PBXFileReference; lastKnownFileType = sourcecode.swift; path = StockPriceTableViewController.swift; sourceTree = "<group>"; };
		D9EEE2932090F46D00587965 /* StockPriceManager.swift */ = {isa = PBXFileReference; lastKnownFileType = sourcecode.swift; path = StockPriceManager.swift; sourceTree = "<group>"; };
		D9EEE2952090F48000587965 /* StockPriceObject.swift */ = {isa = PBXFileReference; lastKnownFileType = sourcecode.swift; path = StockPriceObject.swift; sourceTree = "<group>"; };
/* End PBXFileReference section */

/* Begin PBXFrameworksBuildPhase section */
		D9EEE2792090F1EF00587965 /* Frameworks */ = {
			isa = PBXFrameworksBuildPhase;
			buildActionMask = 2147483647;
			files = (
			);
			runOnlyForDeploymentPostprocessing = 0;
		};
/* End PBXFrameworksBuildPhase section */

/* Begin PBXGroup section */
		D9EEE2732090F1EF00587965 = {
			isa = PBXGroup;
			children = (
				D9EEE27E2090F1EF00587965 /* Stock Ticker App */,
				D9EEE27D2090F1EF00587965 /* Products */,
			);
			sourceTree = "<group>";
		};
		D9EEE27D2090F1EF00587965 /* Products */ = {
			isa = PBXGroup;
			children = (
				D9EEE27C2090F1EF00587965 /* Stock Ticker App.app */,
			);
			name = Products;
			sourceTree = "<group>";
		};
		D9EEE27E2090F1EF00587965 /* Stock Ticker App */ = {
			isa = PBXGroup;
			children = (
				D9EEE27F2090F1EF00587965 /* AppDelegate.swift */,
				D9EEE2912090F24C00587965 /* StockPriceTableViewController.swift */,
				D9EEE2932090F46D00587965 /* StockPriceManager.swift */,
				D9EEE2952090F48000587965 /* StockPriceObject.swift */,
				D9EEE2832090F1EF00587965 /* Main.storyboard */,
				D9EEE2862090F1EF00587965 /* Assets.xcassets */,
				D9EEE2882090F1EF00587965 /* LaunchScreen.storyboard */,
				D9EEE28B2090F1F000587965 /* Info.plist */,
			);
			path = "Stock Ticker App";
			sourceTree = "<group>";
		};
/* End PBXGroup section */

/* Begin PBXNativeTarget section */
		D9EEE27B2090F1EF00587965 /* Stock Ticker App */ = {
			isa = PBXNativeTarget;
			buildConfigurationList = D9EEE28E2090F1F000587965 /* Build configuration list for PBXNativeTarget "Stock Ticker App" */;
			buildPhases = (
				D9EEE2782090F1EF00587965 /* Sources */,
				D9EEE2792090F1EF00587965 /* Frameworks */,
				D9EEE27A2090F1EF00587965 /* Resources */,
			);
			buildRules = (
			);
			dependencies = (
			);
			name = "Stock Ticker App";
			productName = "Stock Ticker App";
			productReference = D9EEE27C2090F1EF00587965 /* Stock Ticker App.app */;
			productType = "com.apple.product-type.application";
		};
/* End PBXNativeTarget section */

/* Begin PBXProject section */
		D9EEE2742090F1EF00587965 /* Project object */ = {
			isa = PBXProject;
			attributes = {
				LastSwiftUpdateCheck = 0900;
				LastUpgradeCheck = 0900;
				ORGANIZATIONNAME = "Conor Sweeney";
				TargetAttributes = {
					D9EEE27B2090F1EF00587965 = {
						CreatedOnToolsVersion = 9.0.1;
						ProvisioningStyle = Automatic;
					};
				};
			};
			buildConfigurationList = D9EEE2772090F1EF00587965 /* Build configuration list for PBXProject "Stock Ticker App" */;
			compatibilityVersion = "Xcode 8.0";
			developmentRegion = en;
			hasScannedForEncodings = 0;
			knownRegions = (
				en,
				Base,
			);
			mainGroup = D9EEE2732090F1EF00587965;
			productRefGroup = D9EEE27D2090F1EF00587965 /* Products */;
			projectDirPath = "";
			projectRoot = "";
			targets = (
				D9EEE27B2090F1EF00587965 /* Stock Ticker App */,
			);
		};
/* End PBXProject section */

/* Begin PBXResourcesBuildPhase section */
		D9EEE27A2090F1EF00587965 /* Resources */ = {
			isa = PBXResourcesBuildPhase;
			buildActionMask = 2147483647;
			files = (
				D9EEE28A2090F1EF00587965 /* LaunchScreen.storyboard in Resources */,
				D9EEE2872090F1EF00587965 /* Assets.xcassets in Resources */,
				D9EEE2852090F1EF00587965 /* Main.storyboard in Resources */,
			);
			runOnlyForDeploymentPostprocessing = 0;
		};
/* End PBXResourcesBuildPhase section */

/* Begin PBXSourcesBuildPhase section */
		D9EEE2782090F1EF00587965 /* Sources */ = {
			isa = PBXSourcesBuildPhase;
			buildActionMask = 2147483647;
			files = (
				D9EEE2922090F24C00587965 /* StockPriceTableViewController.swift in Sources */,
				D9EEE2942090F46D00587965 /* StockPriceManager.swift in Sources */,
				D9EEE2802090F1EF00587965 /* AppDelegate.swift in Sources */,
				D9EEE2962090F48000587965 /* StockPriceObject.swift in Sources */,
			);
			runOnlyForDeploymentPostprocessing = 0;
		};
/* End PBXSourcesBuildPhase section */

/* Begin PBXVariantGroup section */
		D9EEE2832090F1EF00587965 /* Main.storyboard */ = {
			isa = PBXVariantGroup;
			children = (
				D9EEE2842090F1EF00587965 /* Base */,
			);
			name = Main.storyboard;
			sourceTree = "<group>";
		};
		D9EEE2882090F1EF00587965 /* LaunchScreen.storyboard */ = {
			isa = PBXVariantGroup;
			children = (
				D9EEE2892090F1EF00587965 /* Base */,
			);
			name = LaunchScreen.storyboard;
			sourceTree = "<group>";
		};
/* End PBXVariantGroup section */

/* Begin XCBuildConfiguration section */
		D9EEE28C2090F1F000587965 /* Debug */ = {
			isa = XCBuildConfiguration;
			buildSettings = {
				ALWAYS_SEARCH_USER_PATHS = NO;
				CLANG_ANALYZER_NONNULL = YES;
				CLANG_ANALYZER_NUMBER_OBJECT_CONVERSION = YES_AGGRESSIVE;
				CLANG_CXX_LANGUAGE_STANDARD = "gnu++14";
				CLANG_CXX_LIBRARY = "libc++";
				CLANG_ENABLE_MODULES = YES;
				CLANG_ENABLE_OBJC_ARC = YES;
				CLANG_WARN_BLOCK_CAPTURE_AUTORELEASING = YES;
				CLANG_WARN_BOOL_CONVERSION = YES;
				CLANG_WARN_COMMA = YES;
				CLANG_WARN_CONSTANT_CONVERSION = YES;
				CLANG_WARN_DIRECT_OBJC_ISA_USAGE = YES_ERROR;
				CLANG_WARN_DOCUMENTATION_COMMENTS = YES;
				CLANG_WARN_EMPTY_BODY = YES;
				CLANG_WARN_ENUM_CONVERSION = YES;
				CLANG_WARN_INFINITE_RECURSION = YES;
				CLANG_WARN_INT_CONVERSION = YES;
				CLANG_WARN_NON_LITERAL_NULL_CONVERSION = YES;
				CLANG_WARN_OBJC_LITERAL_CONVERSION = YES;
				CLANG_WARN_OBJC_ROOT_CLASS = YES_ERROR;
				CLANG_WARN_RANGE_LOOP_ANALYSIS = YES;
				CLANG_WARN_STRICT_PROTOTYPES = YES;
				CLANG_WARN_SUSPICIOUS_MOVE = YES;
				CLANG_WARN_UNGUARDED_AVAILABILITY = YES_AGGRESSIVE;
				CLANG_WARN_UNREACHABLE_CODE = YES;
				CLANG_WARN__DUPLICATE_METHOD_MATCH = YES;
				CODE_SIGN_IDENTITY = "iPhone Developer";
				COPY_PHASE_STRIP = NO;
				DEBUG_INFORMATION_FORMAT = dwarf;
				ENABLE_STRICT_OBJC_MSGSEND = YES;
				ENABLE_TESTABILITY = YES;
				GCC_C_LANGUAGE_STANDARD = gnu11;
				GCC_DYNAMIC_NO_PIC = NO;
				GCC_NO_COMMON_BLOCKS = YES;
				GCC_OPTIMIZATION_LEVEL = 0;
				GCC_PREPROCESSOR_DEFINITIONS = (
					"DEBUG=1",
					"$(inherited)",
				);
				GCC_WARN_64_TO_32_BIT_CONVERSION = YES;
				GCC_WARN_ABOUT_RETURN_TYPE = YES_ERROR;
				GCC_WARN_UNDECLARED_SELECTOR = YES;
				GCC_WARN_UNINITIALIZED_AUTOS = YES_AGGRESSIVE;
				GCC_WARN_UNUSED_FUNCTION = YES;
				GCC_WARN_UNUSED_VARIABLE = YES;
				IPHONEOS_DEPLOYMENT_TARGET = 11.0;
				MTL_ENABLE_DEBUG_INFO = YES;
				ONLY_ACTIVE_ARCH = YES;
				SDKROOT = iphoneos;
				SWIFT_ACTIVE_COMPILATION_CONDITIONS = DEBUG;
				SWIFT_OPTIMIZATION_LEVEL = "-Onone";
			};
			name = Debug;
		};
		D9EEE28D2090F1F000587965 /* Release */ = {
			isa = XCBuildConfiguration;
			buildSettings = {
				ALWAYS_SEARCH_USER_PATHS = NO;
				CLANG_ANALYZER_NONNULL = YES;
				CLANG_ANALYZER_NUMBER_OBJECT_CONVERSION = YES_AGGRESSIVE;
				CLANG_CXX_LANGUAGE_STANDARD = "gnu++14";
				CLANG_CXX_LIBRARY = "libc++";
				CLANG_ENABLE_MODULES = YES;
				CLANG_ENABLE_OBJC_ARC = YES;
				CLANG_WARN_BLOCK_CAPTURE_AUTORELEASING = YES;
				CLANG_WARN_BOOL_CONVERSION = YES;
				CLANG_WARN_COMMA = YES;
				CLANG_WARN_CONSTANT_CONVERSION = YES;
				CLANG_WARN_DIRECT_OBJC_ISA_USAGE = YES_ERROR;
				CLANG_WARN_DOCUMENTATION_COMMENTS = YES;
				CLANG_WARN_EMPTY_BODY = YES;
				CLANG_WARN_ENUM_CONVERSION = YES;
				CLANG_WARN_INFINITE_RECURSION = YES;
				CLANG_WARN_INT_CONVERSION = YES;
				CLANG_WARN_NON_LITERAL_NULL_CONVERSION = YES;
				CLANG_WARN_OBJC_LITERAL_CONVERSION = YES;
				CLANG_WARN_OBJC_ROOT_CLASS = YES_ERROR;
				CLANG_WARN_RANGE_LOOP_ANALYSIS = YES;
				CLANG_WARN_STRICT_PROTOTYPES = YES;
				CLANG_WARN_SUSPICIOUS_MOVE = YES;
				CLANG_WARN_UNGUARDED_AVAILABILITY = YES_AGGRESSIVE;
				CLANG_WARN_UNREACHABLE_CODE = YES;
				CLANG_WARN__DUPLICATE_METHOD_MATCH = YES;
				CODE_SIGN_IDENTITY = "iPhone Developer";
				COPY_PHASE_STRIP = NO;
				DEBUG_INFORMATION_FORMAT = "dwarf-with-dsym";
				ENABLE_NS_ASSERTIONS = NO;
				ENABLE_STRICT_OBJC_MSGSEND = YES;
				GCC_C_LANGUAGE_STANDARD = gnu11;
				GCC_NO_COMMON_BLOCKS = YES;
				GCC_WARN_64_TO_32_BIT_CONVERSION = YES;
				GCC_WARN_ABOUT_RETURN_TYPE = YES_ERROR;
				GCC_WARN_UNDECLARED_SELECTOR = YES;
				GCC_WARN_UNINITIALIZED_AUTOS = YES_AGGRESSIVE;
				GCC_WARN_UNUSED_FUNCTION = YES;
				GCC_WARN_UNUSED_VARIABLE = YES;
				IPHONEOS_DEPLOYMENT_TARGET = 11.0;
				MTL_ENABLE_DEBUG_INFO = NO;
				SDKROOT = iphoneos;
				SWIFT_OPTIMIZATION_LEVEL = "-Owholemodule";
				VALIDATE_PRODUCT = YES;
			};
			name = Release;
		};
		D9EEE28F2090F1F000587965 /* Debug */ = {
			isa = XCBuildConfiguration;
			buildSettings = {
				ASSETCATALOG_COMPILER_APPICON_NAME = AppIcon;
				CODE_SIGN_STYLE = Automatic;
				INFOPLIST_FILE = "Stock Ticker App/Info.plist";
				LD_RUNPATH_SEARCH_PATHS = "$(inherited) @executable_path/Frameworks";
				PRODUCT_BUNDLE_IDENTIFIER = "csweeney.Stock-Ticker-App";
				PRODUCT_NAME = "$(TARGET_NAME)";
				SWIFT_VERSION = 4.0;
				TARGETED_DEVICE_FAMILY = "1,2";
			};
			name = Debug;
		};
		D9EEE2902090F1F000587965 /* Release */ = {
			isa = XCBuildConfiguration;
			buildSettings = {
				ASSETCATALOG_COMPILER_APPICON_NAME = AppIcon;
				CODE_SIGN_STYLE = Automatic;
				INFOPLIST_FILE = "Stock Ticker App/Info.plist";
				LD_RUNPATH_SEARCH_PATHS = "$(inherited) @executable_path/Frameworks";
				PRODUCT_BUNDLE_IDENTIFIER = "csweeney.Stock-Ticker-App";
				PRODUCT_NAME = "$(TARGET_NAME)";
				SWIFT_VERSION = 4.0;
				TARGETED_DEVICE_FAMILY = "1,2";
			};
			name = Release;
		};
/* End XCBuildConfiguration section */

/* Begin XCConfigurationList section */
		D9EEE2772090F1EF00587965 /* Build configuration list for PBXProject "Stock Ticker App" */ = {
			isa = XCConfigurationList;
			buildConfigurations = (
				D9EEE28C2090F1F000587965 /* Debug */,
				D9EEE28D2090F1F000587965 /* Release */,
			);
			defaultConfigurationIsVisible = 0;
			defaultConfigurationName = Release;
		};
		D9EEE28E2090F1F000587965 /* Build configuration list for PBXNativeTarget "Stock Ticker App" */ = {
			isa = XCConfigurationList;
			buildConfigurations = (
				D9EEE28F2090F1F000587965 /* Debug */,
				D9EEE2902090F1F000587965 /* Release */,
			);
			defaultConfigurationIsVisible = 0;
			defaultConfigurationName = Release;
		};
/* End XCConfigurationList section */
	};
	rootObject = D9EEE2742090F1EF00587965 /* Project object */;
}
